
Microsoft Visual Studio Solution File, Format Version 12.00
# Visual Studio Version 17
VisualStudioVersion = 17.2.32516.85
MinimumVisualStudioVersion = 10.0.40219.1
Project("{FAE04EC0-301F-11D3-BF4B-00C04F79EFBC}") = "CompiladorJS+", "CompiladorJS+\CompiladorJS+.csproj", "{010D41C1-79E6-4A2B-8388-E68969707FB8}"
EndProject
Global
	GlobalSection(SolutionConfigurationPlatforms) = preSolution
		Debug|Any CPU = Debug|Any CPU
		Release|Any CPU = Release|Any CPU
	EndGlobalSection
	GlobalSection(ProjectConfigurationPlatforms) = postSolution
		{010D41C1-79E6-4A2B-8388-E68969707FB8}.Debug|Any CPU.ActiveCfg = Debug|Any CPU
		{010D41C1-79E6-4A2B-8388-E68969707FB8}.Debug|Any CPU.Build.0 = Debug|Any CPU
		{010D41C1-79E6-4A2B-8388-E68969707FB8}.Release|Any CPU.ActiveCfg = Release|Any CPU
		{010D41C1-79E6-4A2B-8388-E68969707FB8}.Release|Any CPU.Build.0 = Release|Any CPU
	EndGlobalSection
	GlobalSection(SolutionProperties) = preSolution
		HideSolutionNode = FALSE
	EndGlobalSection
	GlobalSection(ExtensibilityGlobals) = postSolution
		SolutionGuid = {B221D89D-CF0E-49ED-BF72-BE8CD738FA4A}
	EndGlobalSection
EndGlobal
